
Microsoft Visual Studio Solution File, Format Version 12.00
# Visual Studio 15
VisualStudioVersion = 15.0.26228.10
MinimumVisualStudioVersion = 10.0.40219.1
Project("{FAE04EC0-301F-11D3-BF4B-00C04F79EFBC}") = "PCCC.Models", "PCCC.Models\PCCC.Models.csproj", "{E085A973-9C10-458B-B444-1F735B78A70F}"
EndProject
Project("{FAE04EC0-301F-11D3-BF4B-00C04F79EFBC}") = "PCCC.DAL", "PCCC.DAL\PCCC.DAL.csproj", "{90069B2E-2F6E-4AE8-AA92-762945D79C57}"
EndProject
Project("{2150E333-8FDC-42A3-9474-1A3956D46DE8}") = "3. DAL", "3. DAL", "{D306378F-1F83-4BBE-9BF7-DB1C753B47CE}"
EndProject
Project("{2150E333-8FDC-42A3-9474-1A3956D46DE8}") = "2. BLL", "2. BLL", "{142A136E-1D5F-406D-ABF4-04F8CDC487E1}"
EndProject
Project("{2150E333-8FDC-42A3-9474-1A3956D46DE8}") = "1. App", "1. App", "{6E25C092-0FD3-4874-A1F5-593F0AB10CF7}"
EndProject
Project("{2150E333-8FDC-42A3-9474-1A3956D46DE8}") = "4. Common", "4. Common", "{3EF71933-282E-4378-BAF0-300475266AB5}"
EndProject
Project("{FAE04EC0-301F-11D3-BF4B-00C04F79EFBC}") = "PCCC.Common", "PCCC.Common\PCCC.Common.csproj", "{5C30673B-6F48-4AF0-BAA0-18B751EDD10B}"
EndProject
Project("{FAE04EC0-301F-11D3-BF4B-00C04F79EFBC}") = "PCCC.Repositories", "PCCC.Repositories\PCCC.Repositories.csproj", "{B7B51C4B-AFA4-4233-BB55-31FB6B805EDB}"
EndProject
Project("{FAE04EC0-301F-11D3-BF4B-00C04F79EFBC}") = "PCCC.Services", "PCCC.Services\PCCC.Services.csproj", "{5312ACA8-50C9-41D2-BD38-CD774E698366}"
EndProject
Project("{2150E333-8FDC-42A3-9474-1A3956D46DE8}") = "5. Testing", "5. Testing", "{1EF24694-7A08-4441-8E31-A3FC73296E67}"
EndProject
Project("{FAE04EC0-301F-11D3-BF4B-00C04F79EFBC}") = "PCCC.ServiceTest", "PCCC.ServiceTest\PCCC.ServiceTest.csproj", "{17D0B2FC-D51A-4CCC-9427-FF1FE2C446EA}"
EndProject
Project("{FAE04EC0-301F-11D3-BF4B-00C04F79EFBC}") = "PCCC.App", "PCCC.App\PCCC.App.csproj", "{2BB31FE2-CCD1-4305-993B-9841ED06F58B}"
EndProject
Global
	GlobalSection(SolutionConfigurationPlatforms) = preSolution
		Debug|Any CPU = Debug|Any CPU
		Release|Any CPU = Release|Any CPU
	EndGlobalSection
	GlobalSection(ProjectConfigurationPlatforms) = postSolution
		{E085A973-9C10-458B-B444-1F735B78A70F}.Debug|Any CPU.ActiveCfg = Debug|Any CPU
		{E085A973-9C10-458B-B444-1F735B78A70F}.Debug|Any CPU.Build.0 = Debug|Any CPU
		{E085A973-9C10-458B-B444-1F735B78A70F}.Release|Any CPU.ActiveCfg = Release|Any CPU
		{E085A973-9C10-458B-B444-1F735B78A70F}.Release|Any CPU.Build.0 = Release|Any CPU
		{90069B2E-2F6E-4AE8-AA92-762945D79C57}.Debug|Any CPU.ActiveCfg = Debug|Any CPU
		{90069B2E-2F6E-4AE8-AA92-762945D79C57}.Debug|Any CPU.Build.0 = Debug|Any CPU
		{90069B2E-2F6E-4AE8-AA92-762945D79C57}.Release|Any CPU.ActiveCfg = Release|Any CPU
		{90069B2E-2F6E-4AE8-AA92-762945D79C57}.Release|Any CPU.Build.0 = Release|Any CPU
		{5C30673B-6F48-4AF0-BAA0-18B751EDD10B}.Debug|Any CPU.ActiveCfg = Debug|Any CPU
		{5C30673B-6F48-4AF0-BAA0-18B751EDD10B}.Debug|Any CPU.Build.0 = Debug|Any CPU
		{5C30673B-6F48-4AF0-BAA0-18B751EDD10B}.Release|Any CPU.ActiveCfg = Release|Any CPU
		{5C30673B-6F48-4AF0-BAA0-18B751EDD10B}.Release|Any CPU.Build.0 = Release|Any CPU
		{B7B51C4B-AFA4-4233-BB55-31FB6B805EDB}.Debug|Any CPU.ActiveCfg = Debug|Any CPU
		{B7B51C4B-AFA4-4233-BB55-31FB6B805EDB}.Debug|Any CPU.Build.0 = Debug|Any CPU
		{B7B51C4B-AFA4-4233-BB55-31FB6B805EDB}.Release|Any CPU.ActiveCfg = Release|Any CPU
		{B7B51C4B-AFA4-4233-BB55-31FB6B805EDB}.Release|Any CPU.Build.0 = Release|Any CPU
		{5312ACA8-50C9-41D2-BD38-CD774E698366}.Debug|Any CPU.ActiveCfg = Debug|Any CPU
		{5312ACA8-50C9-41D2-BD38-CD774E698366}.Debug|Any CPU.Build.0 = Debug|Any CPU
		{5312ACA8-50C9-41D2-BD38-CD774E698366}.Release|Any CPU.ActiveCfg = Release|Any CPU
		{5312ACA8-50C9-41D2-BD38-CD774E698366}.Release|Any CPU.Build.0 = Release|Any CPU
		{17D0B2FC-D51A-4CCC-9427-FF1FE2C446EA}.Debug|Any CPU.ActiveCfg = Debug|Any CPU
		{17D0B2FC-D51A-4CCC-9427-FF1FE2C446EA}.Debug|Any CPU.Build.0 = Debug|Any CPU
		{17D0B2FC-D51A-4CCC-9427-FF1FE2C446EA}.Release|Any CPU.ActiveCfg = Release|Any CPU
		{17D0B2FC-D51A-4CCC-9427-FF1FE2C446EA}.Release|Any CPU.Build.0 = Release|Any CPU
		{2BB31FE2-CCD1-4305-993B-9841ED06F58B}.Debug|Any CPU.ActiveCfg = Debug|Any CPU
		{2BB31FE2-CCD1-4305-993B-9841ED06F58B}.Debug|Any CPU.Build.0 = Debug|Any CPU
		{2BB31FE2-CCD1-4305-993B-9841ED06F58B}.Release|Any CPU.ActiveCfg = Release|Any CPU
		{2BB31FE2-CCD1-4305-993B-9841ED06F58B}.Release|Any CPU.Build.0 = Release|Any CPU
	EndGlobalSection
	GlobalSection(SolutionProperties) = preSolution
		HideSolutionNode = FALSE
	EndGlobalSection
	GlobalSection(NestedProjects) = preSolution
		{E085A973-9C10-458B-B444-1F735B78A70F} = {D306378F-1F83-4BBE-9BF7-DB1C753B47CE}
		{90069B2E-2F6E-4AE8-AA92-762945D79C57} = {D306378F-1F83-4BBE-9BF7-DB1C753B47CE}
		{5C30673B-6F48-4AF0-BAA0-18B751EDD10B} = {3EF71933-282E-4378-BAF0-300475266AB5}
		{B7B51C4B-AFA4-4233-BB55-31FB6B805EDB} = {142A136E-1D5F-406D-ABF4-04F8CDC487E1}
		{5312ACA8-50C9-41D2-BD38-CD774E698366} = {142A136E-1D5F-406D-ABF4-04F8CDC487E1}
		{17D0B2FC-D51A-4CCC-9427-FF1FE2C446EA} = {1EF24694-7A08-4441-8E31-A3FC73296E67}
		{2BB31FE2-CCD1-4305-993B-9841ED06F58B} = {6E25C092-0FD3-4874-A1F5-593F0AB10CF7}
	EndGlobalSection
EndGlobal
